
Microsoft Visual Studio Solution File, Format Version 12.00
# Visual Studio Version 17
VisualStudioVersion = 17.13.35913.81 d17.13
MinimumVisualStudioVersion = 10.0.40219.1
Project("{FAE04EC0-301F-11D3-BF4B-00C04F79EFBC}") = "album", "album.csproj", "{3475D39F-4B9D-445C-B561-512AC533D48D}"
EndProject
Global
	GlobalSection(SolutionConfigurationPlatforms) = preSolution
		Debug|Any CPU = Debug|Any CPU
		Release|Any CPU = Release|Any CPU
	EndGlobalSection
	GlobalSection(ProjectConfigurationPlatforms) = postSolution
		{3475D39F-4B9D-445C-B561-512AC533D48D}.Debug|Any CPU.ActiveCfg = Debug|Any CPU
		{3475D39F-4B9D-445C-B561-512AC533D48D}.Debug|Any CPU.Build.0 = Debug|Any CPU
		{3475D39F-4B9D-445C-B561-512AC533D48D}.Release|Any CPU.ActiveCfg = Release|Any CPU
		{3475D39F-4B9D-445C-B561-512AC533D48D}.Release|Any CPU.Build.0 = Release|Any CPU
	EndGlobalSection
	GlobalSection(SolutionProperties) = preSolution
		HideSolutionNode = FALSE
	EndGlobalSection
	GlobalSection(ExtensibilityGlobals) = postSolution
		SolutionGuid = {368FF6EE-1AC2-48BD-93E5-66627B9962CA}
	EndGlobalSection
EndGlobal
